
Microsoft Visual Studio Solution File, Format Version 12.00
# Visual Studio Version 16
VisualStudioVersion = 16.0.29215.179
MinimumVisualStudioVersion = 10.0.40219.1
Project("{9A19103F-16F7-4668-BE54-9A1E7A4F7556}") = "JsonLocNUnitTest", "JsonLocNUnitTest.csproj", "{B8AAE6BD-2536-46E5-8F5E-8E206237D0B4}"
EndProject
Global
	GlobalSection(SolutionConfigurationPlatforms) = preSolution
		Debug|Any CPU = Debug|Any CPU
		Release|Any CPU = Release|Any CPU
	EndGlobalSection
	GlobalSection(ProjectConfigurationPlatforms) = postSolution
		{B8AAE6BD-2536-46E5-8F5E-8E206237D0B4}.Debug|Any CPU.ActiveCfg = Debug|Any CPU
		{B8AAE6BD-2536-46E5-8F5E-8E206237D0B4}.Debug|Any CPU.Build.0 = Debug|Any CPU
		{B8AAE6BD-2536-46E5-8F5E-8E206237D0B4}.Release|Any CPU.ActiveCfg = Release|Any CPU
		{B8AAE6BD-2536-46E5-8F5E-8E206237D0B4}.Release|Any CPU.Build.0 = Release|Any CPU
	EndGlobalSection
	GlobalSection(SolutionProperties) = preSolution
		HideSolutionNode = FALSE
	EndGlobalSection
	GlobalSection(ExtensibilityGlobals) = postSolution
		SolutionGuid = {F44F55D4-7C65-480A-B065-BC3E21438D68}
	EndGlobalSection
EndGlobal
